
Microsoft Visual Studio Solution File, Format Version 12.00
# Visual Studio 2013
VisualStudioVersion = 12.0.21005.1
MinimumVisualStudioVersion = 10.0.40219.1
Project("{FAE04EC0-301F-11D3-BF4B-00C04F79EFBC}") = "Forxap.Framework.ServiceLayer", "Forxap.Framework.ServiceLayer.csproj", "{4CC3E426-53A0-4581-A5D5-C266D03CA606}"
EndProject
Project("{FAE04EC0-301F-11D3-BF4B-00C04F79EFBC}") = "ServiceLayerTest", "..\ServiceLayerTest\ServiceLayerTest.csproj", "{A6768993-AF66-4C36-8B6C-8B39495A2B0B}"
EndProject
Global
	GlobalSection(SolutionConfigurationPlatforms) = preSolution
		Debug|Any CPU = Debug|Any CPU
		Release|Any CPU = Release|Any CPU
	EndGlobalSection
	GlobalSection(ProjectConfigurationPlatforms) = postSolution
		{4CC3E426-53A0-4581-A5D5-C266D03CA606}.Debug|Any CPU.ActiveCfg = Debug|Any CPU
		{4CC3E426-53A0-4581-A5D5-C266D03CA606}.Debug|Any CPU.Build.0 = Debug|Any CPU
		{4CC3E426-53A0-4581-A5D5-C266D03CA606}.Release|Any CPU.ActiveCfg = Release|Any CPU
		{4CC3E426-53A0-4581-A5D5-C266D03CA606}.Release|Any CPU.Build.0 = Release|Any CPU
		{A6768993-AF66-4C36-8B6C-8B39495A2B0B}.Debug|Any CPU.ActiveCfg = Debug|Any CPU
		{A6768993-AF66-4C36-8B6C-8B39495A2B0B}.Debug|Any CPU.Build.0 = Debug|Any CPU
		{A6768993-AF66-4C36-8B6C-8B39495A2B0B}.Release|Any CPU.ActiveCfg = Release|Any CPU
		{A6768993-AF66-4C36-8B6C-8B39495A2B0B}.Release|Any CPU.Build.0 = Release|Any CPU
	EndGlobalSection
	GlobalSection(SolutionProperties) = preSolution
		HideSolutionNode = FALSE
	EndGlobalSection
EndGlobal
